
Microsoft Visual Studio Solution File, Format Version 12.00
# Visual Studio 14
VisualStudioVersion = 14.0.24720.0
MinimumVisualStudioVersion = 10.0.40219.1
Project("{8BC9CEB8-8B4A-11D0-8D11-00A0C91BC942}") = "UnitWorld_shared", "UnitWorld_shared\UnitWorld_shared.vcxproj", "{D774E74D-EFF1-430F-BCCD-7E998F29BA60}"
EndProject
Project("{8BC9CEB8-8B4A-11D0-8D11-00A0C91BC942}") = "UnitWorld_server", "UnitWorld_server\UnitWorld_server.vcxproj", "{7EF29CA3-497E-42B1-B227-FF9C16364A3F}"
EndProject
Project("{8BC9CEB8-8B4A-11D0-8D11-00A0C91BC942}") = "UnitWorld_client_gui", "UnitWorld_client_gui\UnitWorld_client_gui.vcxproj", "{DF100634-81EF-45D2-A856-DBCA3C9D68E3}"
EndProject
Global
	GlobalSection(SolutionConfigurationPlatforms) = preSolution
		Debug|x64 = Debug|x64
		Debug|x86 = Debug|x86
		Release|x64 = Release|x64
		Release|x86 = Release|x86
	EndGlobalSection
	GlobalSection(ProjectConfigurationPlatforms) = postSolution
		{D774E74D-EFF1-430F-BCCD-7E998F29BA60}.Debug|x64.ActiveCfg = Debug|x64
		{D774E74D-EFF1-430F-BCCD-7E998F29BA60}.Debug|x64.Build.0 = Debug|x64
		{D774E74D-EFF1-430F-BCCD-7E998F29BA60}.Debug|x86.ActiveCfg = Debug|Win32
		{D774E74D-EFF1-430F-BCCD-7E998F29BA60}.Debug|x86.Build.0 = Debug|Win32
		{D774E74D-EFF1-430F-BCCD-7E998F29BA60}.Release|x64.ActiveCfg = Release|x64
		{D774E74D-EFF1-430F-BCCD-7E998F29BA60}.Release|x64.Build.0 = Release|x64
		{D774E74D-EFF1-430F-BCCD-7E998F29BA60}.Release|x86.ActiveCfg = Release|Win32
		{D774E74D-EFF1-430F-BCCD-7E998F29BA60}.Release|x86.Build.0 = Release|Win32
		{7EF29CA3-497E-42B1-B227-FF9C16364A3F}.Debug|x64.ActiveCfg = Debug|x64
		{7EF29CA3-497E-42B1-B227-FF9C16364A3F}.Debug|x64.Build.0 = Debug|x64
		{7EF29CA3-497E-42B1-B227-FF9C16364A3F}.Debug|x86.ActiveCfg = Debug|Win32
		{7EF29CA3-497E-42B1-B227-FF9C16364A3F}.Debug|x86.Build.0 = Debug|Win32
		{7EF29CA3-497E-42B1-B227-FF9C16364A3F}.Release|x64.ActiveCfg = Release|x64
		{7EF29CA3-497E-42B1-B227-FF9C16364A3F}.Release|x64.Build.0 = Release|x64
		{7EF29CA3-497E-42B1-B227-FF9C16364A3F}.Release|x86.ActiveCfg = Release|Win32
		{7EF29CA3-497E-42B1-B227-FF9C16364A3F}.Release|x86.Build.0 = Release|Win32
		{DF100634-81EF-45D2-A856-DBCA3C9D68E3}.Debug|x64.ActiveCfg = Debug|x64
		{DF100634-81EF-45D2-A856-DBCA3C9D68E3}.Debug|x64.Build.0 = Debug|x64
		{DF100634-81EF-45D2-A856-DBCA3C9D68E3}.Debug|x86.ActiveCfg = Debug|Win32
		{DF100634-81EF-45D2-A856-DBCA3C9D68E3}.Debug|x86.Build.0 = Debug|Win32
		{DF100634-81EF-45D2-A856-DBCA3C9D68E3}.Release|x64.ActiveCfg = Release|x64
		{DF100634-81EF-45D2-A856-DBCA3C9D68E3}.Release|x64.Build.0 = Release|x64
		{DF100634-81EF-45D2-A856-DBCA3C9D68E3}.Release|x86.ActiveCfg = Release|Win32
		{DF100634-81EF-45D2-A856-DBCA3C9D68E3}.Release|x86.Build.0 = Release|Win32
	EndGlobalSection
	GlobalSection(SolutionProperties) = preSolution
		HideSolutionNode = FALSE
	EndGlobalSection
EndGlobal
