<?xml version="1.0" encoding="utf-8"?>
<Project ToolsVersion="4.0" xmlns="http://schemas.microsoft.com/developer/msbuild/2003">
  <ItemGroup>
    <Filter Include="Source Files">
      <UniqueIdentifier>{4FC737F1-C7A5-4376-A066-2A32D752A2FF}</UniqueIdentifier>
      <Extensions>cpp;c;cc;cxx;def;odl;idl;hpj;bat;asm;asmx</Extensions>
    </Filter>
    <Filter Include="Header Files">
      <UniqueIdentifier>{93995380-89BD-4b04-88EB-625FBE52EBFB}</UniqueIdentifier>
      <Extensions>h;hh;hpp;hxx;hm;inl;inc;xsd</Extensions>
    </Filter>
    <Filter Include="Resource Files">
      <UniqueIdentifier>{67DA6AB6-F800-4c08-8B7A-83BB121AAD01}</UniqueIdentifier>
      <Extensions>rc;ico;cur;bmp;dlg;rc2;rct;bin;rgs;gif;jpg;jpeg;jpe;resx;tiff;tif;png;wav;mfcribbon-ms</Extensions>
    </Filter>
  </ItemGroup>
  <ItemGroup>
    <ClInclude Include="shared\transfers\PhysicsCommunicationAssembler.h">
      <Filter>Header Files</Filter>
    </ClInclude>
    <ClInclude Include="shared\communication\MessageWrapper.h">
      <Filter>Header Files</Filter>
    </ClInclude>
    <ClInclude Include="shared\game\geometry\Rectangle.h">
      <Filter>Header Files</Filter>
    </ClInclude>
    <ClInclude Include="shared\game\GameManager.h">
      <Filter>Header Files</Filter>
    </ClInclude>
    <ClInclude Include="shared\communication\MessageSerializer.h">
      <Filter>Header Files</Filter>
    </ClInclude>
    <ClInclude Include="shared\communication\messages\CompleteGameStateMessage.h">
      <Filter>Header Files</Filter>
    </ClInclude>
    <ClInclude Include="shared\communication\messages\InvalidMessage.h">
      <Filter>Header Files</Filter>
    </ClInclude>
    <ClInclude Include="shared\communication\messages\Message.h">
      <Filter>Header Files</Filter>
    </ClInclude>
    <ClInclude Include="shared\communication\messages\game\CommunicatedPlayer.h">
      <Filter>Header Files</Filter>
    </ClInclude>
    <ClInclude Include="shared\communication\messages\game\CommunicatedSinguity.h">
      <Filter>Header Files</Filter>
    </ClInclude>
    <ClInclude Include="shared\communication\messages\game\CommunicatedVector2D.h">
      <Filter>Header Files</Filter>
    </ClInclude>
    <ClInclude Include="shared\communication\messages\MessageType.h">
      <Filter>Header Files</Filter>
    </ClInclude>
    <ClInclude Include="shared\game\commands\MoveMobileUnitsToPosition.h">
      <Filter>Header Files</Filter>
    </ClInclude>
    <ClInclude Include="shared\configuration\ConfigurationManager.h">
      <Filter>Header Files</Filter>
    </ClInclude>
    <ClInclude Include="shared\communication\messages\game\CommunicatedSpawner.h">
      <Filter>Header Files</Filter>
    </ClInclude>
    <ClInclude Include="shared\game\play\CompleteGameState.h">
      <Filter>Header Files</Filter>
    </ClInclude>
    <ClInclude Include="shared\communication\messages\game\CommunicatedCompleteGameState.h">
      <Filter>Header Files</Filter>
    </ClInclude>
    <ClInclude Include="shared\game\physics\PhysicsManager.h">
      <Filter>Header Files</Filter>
    </ClInclude>
    <ClInclude Include="shared\game\physics\collisions\CollidablePoint.h">
      <Filter>Header Files</Filter>
    </ClInclude>
    <ClInclude Include="shared\game\physics\collisions\CollisionDetector.h">
      <Filter>Header Files</Filter>
    </ClInclude>
    <ClInclude Include="shared\game\physics\collisions\CollisionDetectorFactory.h">
      <Filter>Header Files</Filter>
    </ClInclude>
    <ClInclude Include="shared\game\physics\collisions\NaiveCollisionDetector.h">
      <Filter>Header Files</Filter>
    </ClInclude>
    <ClInclude Include="shared\game\physics\collisions\NaiveCollisionDetectorFactory.h">
      <Filter>Header Files</Filter>
    </ClInclude>
    <ClInclude Include="shared\game\physics\actualizers\SinguityActualizer.h">
      <Filter>Header Files</Filter>
    </ClInclude>
    <ClInclude Include="shared\game\geometry\Vector2D.h">
      <Filter>Header Files</Filter>
    </ClInclude>
    <ClInclude Include="shared\game\physics\actualizers\SpawnerActualizer.h">
      <Filter>Header Files</Filter>
    </ClInclude>
    <ClInclude Include="shared\game\physics\actualizers\PlayerActualizer.h">
      <Filter>Header Files</Filter>
    </ClInclude>
    <ClInclude Include="shared\game\physics\actualizers\CompleteGameStateActualizer.h">
      <Filter>Header Files</Filter>
    </ClInclude>
    <ClInclude Include="shared\communication\messages\game\CommunicatedSpawnerAllegence.h">
      <Filter>Header Files</Filter>
    </ClInclude>
    <ClInclude Include="shared\game\physics\collisions\KdtreeCollisionDetector.h">
      <Filter>Header Files</Filter>
    </ClInclude>
    <ClInclude Include="shared\game\physics\collisions\KdtreeCollisionDetectorFactory.h">
      <Filter>Header Files</Filter>
    </ClInclude>
    <ClInclude Include="shared\game\geometry\Circle.h">
      <Filter>Header Files</Filter>
    </ClInclude>
    <ClInclude Include="shared\game\commands\MoveMobileUnitsToSpawner.h">
      <Filter>Header Files</Filter>
    </ClInclude>
    <ClInclude Include="shared\game\commands\GameCommand.h">
      <Filter>Header Files</Filter>
    </ClInclude>
    <ClInclude Include="shared\game\play\units\MobileUnit.h">
      <Filter>Header Files</Filter>
    </ClInclude>
    <ClInclude Include="shared\game\play\units\Shooter.h">
      <Filter>Header Files</Filter>
    </ClInclude>
    <ClInclude Include="shared\game\play\units\Singuity.h">
      <Filter>Header Files</Filter>
    </ClInclude>
    <ClInclude Include="shared\game\play\units\SpawnerDestination.h">
      <Filter>Header Files</Filter>
    </ClInclude>
    <ClInclude Include="shared\game\play\units\Unit.h">
      <Filter>Header Files</Filter>
    </ClInclude>
    <ClInclude Include="shared\game\play\units\UnitWithHealthPoint.h">
      <Filter>Header Files</Filter>
    </ClInclude>
    <ClInclude Include="shared\game\play\players\Player.h">
      <Filter>Header Files</Filter>
    </ClInclude>
    <ClInclude Include="shared\game\play\spawners\Spawner.h">
      <Filter>Header Files</Filter>
    </ClInclude>
    <ClInclude Include="shared\game\play\spawners\SpawnerAllegance.h">
      <Filter>Header Files</Filter>
    </ClInclude>
    <ClInclude Include="shared\communication\messages\game\CommunicatedSinguityDestination.h">
      <Filter>Header Files</Filter>
    </ClInclude>
    <ClInclude Include="shared\communication\messages\game\CommunicatedSpawnerDestination.h">
      <Filter>Header Files</Filter>
    </ClInclude>
    <ClInclude Include="shared\game\play\units\MobileUnitDestination.h">
      <Filter>Header Files</Filter>
    </ClInclude>
    <ClInclude Include="shared\communication\messages\commands\MoveMobileUnitsToPositionMessage.h">
      <Filter>Header Files</Filter>
    </ClInclude>
    <ClInclude Include="shared\communication\messages\commands\MoveMobileUnitsToSpawnerMessage.h">
      <Filter>Header Files</Filter>
    </ClInclude>
    <ClInclude Include="shared\game\commands\SetSpawnersRally.h">
      <Filter>Header Files</Filter>
    </ClInclude>
    <ClInclude Include="shared\communication\messages\commands\SetSpawnersRallyMessage.h">
      <Filter>Header Files</Filter>
    </ClInclude>
  </ItemGroup>
  <ItemGroup>
    <ClCompile Include="shared\communication\MessageWrapper.cpp">
      <Filter>Source Files</Filter>
    </ClCompile>
    <ClCompile Include="shared\game\geometry\Rectangle.cpp">
      <Filter>Source Files</Filter>
    </ClCompile>
    <ClCompile Include="shared\communication\messages\CompleteGameStateMessage.cpp">
      <Filter>Source Files</Filter>
    </ClCompile>
    <ClCompile Include="shared\communication\messages\game\CommunicatedPlayer.cpp">
      <Filter>Source Files</Filter>
    </ClCompile>
    <ClCompile Include="shared\communication\messages\game\CommunicatedSinguity.cpp">
      <Filter>Source Files</Filter>
    </ClCompile>
    <ClCompile Include="shared\communication\messages\game\CommunicatedVector2D.cpp">
      <Filter>Source Files</Filter>
    </ClCompile>
    <ClCompile Include="shared\configuration\ConfigurationManager.cpp">
      <Filter>Source Files</Filter>
    </ClCompile>
    <ClCompile Include="shared\communication\messages\game\CommunicatedCompleteGameState.cpp">
      <Filter>Source Files</Filter>
    </ClCompile>
    <ClCompile Include="shared\game\physics\PhysicsManager.cpp">
      <Filter>Source Files</Filter>
    </ClCompile>
    <ClCompile Include="shared\game\geometry\Vector2D.cpp">
      <Filter>Source Files</Filter>
    </ClCompile>
    <ClCompile Include="shared\communication\messages\game\CommunicatedSpawnerAllegence.cpp">
      <Filter>Source Files</Filter>
    </ClCompile>
    <ClCompile Include="shared\communication\messages\game\CommunicatedSpawner.cpp">
      <Filter>Source Files</Filter>
    </ClCompile>
    <ClCompile Include="shared\game\play\units\Singuity.cpp">
      <Filter>Source Files</Filter>
    </ClCompile>
    <ClCompile Include="shared\game\play\units\Unit.cpp">
      <Filter>Source Files</Filter>
    </ClCompile>
    <ClCompile Include="shared\game\play\players\Player.cpp">
      <Filter>Source Files</Filter>
    </ClCompile>
    <ClCompile Include="shared\game\play\spawners\Spawner.cpp">
      <Filter>Source Files</Filter>
    </ClCompile>
    <ClCompile Include="shared\communication\messages\game\CommunicatedSinguityDestination.cpp">
      <Filter>Source Files</Filter>
    </ClCompile>
    <ClCompile Include="shared\communication\messages\game\CommunicatedSpawnerDestination.cpp">
      <Filter>Source Files</Filter>
    </ClCompile>
    <ClCompile Include="shared\game\physics\actualizers\SinguityActualizer.cpp">
      <Filter>Source Files</Filter>
    </ClCompile>
    <ClCompile Include="shared\communication\messages\commands\MoveMobileUnitsToPositionMessage.cpp">
      <Filter>Source Files</Filter>
    </ClCompile>
    <ClCompile Include="shared\communication\messages\commands\MoveMobileUnitsToSpawner.cpp">
      <Filter>Source Files</Filter>
    </ClCompile>
    <ClCompile Include="shared\communication\messages\commands\SetSpawnersRallyToPositionMessage.cpp">
      <Filter>Source Files</Filter>
    </ClCompile>
    <ClCompile Include="shared\communication\messages\commands\SetSpawnersRallyToSpawner.cpp">
      <Filter>Source Files</Filter>
    </ClCompile>
    <ClCompile Include="shared\communication\messages\commands\SetSpawnersRallyMessage.cpp">
      <Filter>Source Files</Filter>
    </ClCompile>
  </ItemGroup>
</Project>